# This file is automatically @generated by Poetry 2.1.4 and should not be changed by hand.

[[package]]
name = "anyio"
version = "4.10.0"
description = "High-level concurrency and networking framework on top of asyncio or Trio"
optional = false
python-versions = ">=3.9"
groups = ["main"]
files = [
    {file = "anyio-4.10.0-py3-none-any.whl", hash = "sha256:60e474ac86736bbfd6f210f7a61218939c318f43f9972497381f1c5e930ed3d1"},
    {file = "anyio-4.10.0.tar.gz", hash = "sha256:3f3fae35c96039744587aa5b8371e7e8e603c0702999535961dd336026973ba6"},
]

[package.dependencies]
exceptiongroup = {version = ">=1.0.2", markers = "python_version < \"3.11\""}
idna = ">=2.8"
sniffio = ">=1.1"
typing_extensions = {version = ">=4.5", markers = "python_version < \"3.13\""}

[package.extras]
trio = ["trio (>=0.26.1)"]

[[package]]
name = "certifi"
version = "2025.8.3"
description = "Python package for providing Mozilla's CA Bundle."
optional = false
python-versions = ">=3.7"
groups = ["main"]
files = [
    {file = "certifi-2025.8.3-py3-none-any.whl", hash = "sha256:f6c12493cfb1b06ba2ff328595af9350c65d6644968e5d3a2ffd78699af217a5"},
    {file = "certifi-2025.8.3.tar.gz", hash = "sha256:e564105f78ded564e3ae7c923924435e1daa7463faeab5bb932bc53ffae63407"},
]

[[package]]
name = "coverage"
version = "7.10.3"
description = "Code coverage measurement for Python"
optional = false
python-versions = ">=3.9"
groups = ["main"]
files = [
    {file = "coverage-7.10.3-cp310-cp310-macosx_10_9_x86_64.whl", hash = "sha256:53808194afdf948c462215e9403cca27a81cf150d2f9b386aee4dab614ae2ffe"},
    {file = "coverage-7.10.3-cp310-cp310-macosx_11_0_arm64.whl", hash = "sha256:f4d1b837d1abf72187a61645dbf799e0d7705aa9232924946e1f57eb09a3bf00"},
    {file = "coverage-7.10.3-cp310-cp310-manylinux1_i686.manylinux_2_28_i686.manylinux_2_5_i686.whl", hash = "sha256:2a90dd4505d3cc68b847ab10c5ee81822a968b5191664e8a0801778fa60459fa"},
    {file = "coverage-7.10.3-cp310-cp310-manylinux1_x86_64.manylinux_2_28_x86_64.manylinux_2_5_x86_64.whl", hash = "sha256:d52989685ff5bf909c430e6d7f6550937bc6d6f3e6ecb303c97a86100efd4596"},
    {file = "coverage-7.10.3-cp310-cp310-manylinux2014_aarch64.manylinux_2_17_aarch64.manylinux_2_28_aarch64.whl", hash = "sha256:bdb558a1d97345bde3a9f4d3e8d11c9e5611f748646e9bb61d7d612a796671b5"},
    {file = "coverage-7.10.3-cp310-cp310-musllinux_1_2_aarch64.whl", hash = "sha256:c9e6331a8f09cb1fc8bda032752af03c366870b48cce908875ba2620d20d0ad4"},
    {file = "coverage-7.10.3-cp310-cp310-musllinux_1_2_i686.whl", hash = "sha256:992f48bf35b720e174e7fae916d943599f1a66501a2710d06c5f8104e0756ee1"},
    {file = "coverage-7.10.3-cp310-cp310-musllinux_1_2_x86_64.whl", hash = "sha256:c5595fc4ad6a39312c786ec3326d7322d0cf10e3ac6a6df70809910026d67cfb"},
    {file = "coverage-7.10.3-cp310-cp310-win32.whl", hash = "sha256:9e92fa1f2bd5a57df9d00cf9ce1eb4ef6fccca4ceabec1c984837de55329db34"},
    {file = "coverage-7.10.3-cp310-cp310-win_amd64.whl", hash = "sha256:b96524d6e4a3ce6a75c56bb15dbd08023b0ae2289c254e15b9fbdddf0c577416"},
    {file = "coverage-7.10.3-cp311-cp311-macosx_10_9_x86_64.whl", hash = "sha256:f2ff2e2afdf0d51b9b8301e542d9c21a8d084fd23d4c8ea2b3a1b3c96f5f7397"},
    {file = "coverage-7.10.3-cp311-cp311-macosx_11_0_arm64.whl", hash = "sha256:18ecc5d1b9a8c570f6c9b808fa9a2b16836b3dd5414a6d467ae942208b095f85"},
    {file = "coverage-7.10.3-cp311-cp311-manylinux1_i686.manylinux_2_28_i686.manylinux_2_5_i686.whl", hash = "sha256:1af4461b25fe92889590d438905e1fc79a95680ec2a1ff69a591bb3fdb6c7157"},
    {file = "coverage-7.10.3-cp311-cp311-manylinux1_x86_64.manylinux_2_28_x86_64.manylinux_2_5_x86_64.whl", hash = "sha256:3966bc9a76b09a40dc6063c8b10375e827ea5dfcaffae402dd65953bef4cba54"},
    {file = "coverage-7.10.3-cp311-cp311-manylinux2014_aarch64.manylinux_2_17_aarch64.manylinux_2_28_aarch64.whl", hash = "sha256:205a95b87ef4eb303b7bc5118b47b6b6604a644bcbdb33c336a41cfc0a08c06a"},
    {file = "coverage-7.10.3-cp311-cp311-musllinux_1_2_aarch64.whl", hash = "sha256:5b3801b79fb2ad61e3c7e2554bab754fc5f105626056980a2b9cf3aef4f13f84"},
    {file = "coverage-7.10.3-cp311-cp311-musllinux_1_2_i686.whl", hash = "sha256:b0dc69c60224cda33d384572da945759756e3f06b9cdac27f302f53961e63160"},
    {file = "coverage-7.10.3-cp311-cp311-musllinux_1_2_x86_64.whl", hash = "sha256:a83d4f134bab2c7ff758e6bb1541dd72b54ba295ced6a63d93efc2e20cb9b124"},
    {file = "coverage-7.10.3-cp311-cp311-win32.whl", hash = "sha256:54e409dd64e5302b2a8fdf44ec1c26f47abd1f45a2dcf67bd161873ee05a59b8"},
    {file = "coverage-7.10.3-cp311-cp311-win_amd64.whl", hash = "sha256:30c601610a9b23807c5e9e2e442054b795953ab85d525c3de1b1b27cebeb2117"},
    {file = "coverage-7.10.3-cp311-cp311-win_arm64.whl", hash = "sha256:dabe662312a97958e932dee056f2659051d822552c0b866823e8ba1c2fe64770"},
    {file = "coverage-7.10.3-cp312-cp312-macosx_10_13_x86_64.whl", hash = "sha256:449c1e2d3a84d18bd204258a897a87bc57380072eb2aded6a5b5226046207b42"},
    {file = "coverage-7.10.3-cp312-cp312-macosx_11_0_arm64.whl", hash = "sha256:1d4f9ce50b9261ad196dc2b2e9f1fbbee21651b54c3097a25ad783679fd18294"},
    {file = "coverage-7.10.3-cp312-cp312-manylinux1_i686.manylinux_2_28_i686.manylinux_2_5_i686.whl", hash = "sha256:4dd4564207b160d0d45c36a10bc0a3d12563028e8b48cd6459ea322302a156d7"},
    {file = "coverage-7.10.3-cp312-cp312-manylinux1_x86_64.manylinux_2_28_x86_64.manylinux_2_5_x86_64.whl", hash = "sha256:5ca3c9530ee072b7cb6a6ea7b640bcdff0ad3b334ae9687e521e59f79b1d0437"},
    {file = "coverage-7.10.3-cp312-cp312-manylinux2014_aarch64.manylinux_2_17_aarch64.manylinux_2_28_aarch64.whl", hash = "sha256:b6df359e59fa243c9925ae6507e27f29c46698359f45e568fd51b9315dbbe587"},
    {file = "coverage-7.10.3-cp312-cp312-musllinux_1_2_aarch64.whl", hash = "sha256:a181e4c2c896c2ff64c6312db3bda38e9ade2e1aa67f86a5628ae85873786cea"},
    {file = "coverage-7.10.3-cp312-cp312-musllinux_1_2_i686.whl", hash = "sha256:a374d4e923814e8b72b205ef6b3d3a647bb50e66f3558582eda074c976923613"},
    {file = "coverage-7.10.3-cp312-cp312-musllinux_1_2_x86_64.whl", hash = "sha256:daeefff05993e5e8c6e7499a8508e7bd94502b6b9a9159c84fd1fe6bce3151cb"},
    {file = "coverage-7.10.3-cp312-cp312-win32.whl", hash = "sha256:187ecdcac21f9636d570e419773df7bd2fda2e7fa040f812e7f95d0bddf5f79a"},
    {file = "coverage-7.10.3-cp312-cp312-win_amd64.whl", hash = "sha256:4a50ad2524ee7e4c2a95e60d2b0b83283bdfc745fe82359d567e4f15d3823eb5"},
    {file = "coverage-7.10.3-cp312-cp312-win_arm64.whl", hash = "sha256:c112f04e075d3495fa3ed2200f71317da99608cbb2e9345bdb6de8819fc30571"},
    {file = "coverage-7.10.3-cp313-cp313-macosx_10_13_x86_64.whl", hash = "sha256:b99e87304ffe0eb97c5308447328a584258951853807afdc58b16143a530518a"},
    {file = "coverage-7.10.3-cp313-cp313-macosx_11_0_arm64.whl", hash = "sha256:4af09c7574d09afbc1ea7da9dcea23665c01f3bc1b1feb061dac135f98ffc53a"},
    {file = "coverage-7.10.3-cp313-cp313-manylinux1_i686.manylinux_2_28_i686.manylinux_2_5_i686.whl", hash = "sha256:488e9b50dc5d2aa9521053cfa706209e5acf5289e81edc28291a24f4e4488f46"},
    {file = "coverage-7.10.3-cp313-cp313-manylinux1_x86_64.manylinux_2_28_x86_64.manylinux_2_5_x86_64.whl", hash = "sha256:913ceddb4289cbba3a310704a424e3fb7aac2bc0c3a23ea473193cb290cf17d4"},
    {file = "coverage-7.10.3-cp313-cp313-manylinux2014_aarch64.manylinux_2_17_aarch64.manylinux_2_28_aarch64.whl", hash = "sha256:6b1f91cbc78c7112ab84ed2a8defbccd90f888fcae40a97ddd6466b0bec6ae8a"},
    {file = "coverage-7.10.3-cp313-cp313-musllinux_1_2_aarch64.whl", hash = "sha256:b0bac054d45af7cd938834b43a9878b36ea92781bcb009eab040a5b09e9927e3"},
    {file = "coverage-7.10.3-cp313-cp313-musllinux_1_2_i686.whl", hash = "sha256:fe72cbdd12d9e0f4aca873fa6d755e103888a7f9085e4a62d282d9d5b9f7928c"},
    {file = "coverage-7.10.3-cp313-cp313-musllinux_1_2_x86_64.whl", hash = "sha256:c1e2e927ab3eadd7c244023927d646e4c15c65bb2ac7ae3c3e9537c013700d21"},
    {file = "coverage-7.10.3-cp313-cp313-win32.whl", hash = "sha256:24d0c13de473b04920ddd6e5da3c08831b1170b8f3b17461d7429b61cad59ae0"},
    {file = "coverage-7.10.3-cp313-cp313-win_amd64.whl", hash = "sha256:3564aae76bce4b96e2345cf53b4c87e938c4985424a9be6a66ee902626edec4c"},
    {file = "coverage-7.10.3-cp313-cp313-win_arm64.whl", hash = "sha256:f35580f19f297455f44afcd773c9c7a058e52eb6eb170aa31222e635f2e38b87"},
    {file = "coverage-7.10.3-cp313-cp313t-macosx_10_13_x86_64.whl", hash = "sha256:07009152f497a0464ffdf2634586787aea0e69ddd023eafb23fc38267db94b84"},
    {file = "coverage-7.10.3-cp313-cp313t-macosx_11_0_arm64.whl", hash = "sha256:8dd2ba5f0c7e7e8cc418be2f0c14c4d9e3f08b8fb8e4c0f83c2fe87d03eb655e"},
    {file = "coverage-7.10.3-cp313-cp313t-manylinux1_i686.manylinux_2_28_i686.manylinux_2_5_i686.whl", hash = "sha256:1ae22b97003c74186e034a93e4f946c75fad8c0ce8d92fbbc168b5e15ee2841f"},
    {file = "coverage-7.10.3-cp313-cp313t-manylinux1_x86_64.manylinux_2_28_x86_64.manylinux_2_5_x86_64.whl", hash = "sha256:eb329f1046888a36b1dc35504d3029e1dd5afe2196d94315d18c45ee380f67d5"},
    {file = "coverage-7.10.3-cp313-cp313t-manylinux2014_aarch64.manylinux_2_17_aarch64.manylinux_2_28_aarch64.whl", hash = "sha256:ce01048199a91f07f96ca3074b0c14021f4fe7ffd29a3e6a188ac60a5c3a4af8"},
    {file = "coverage-7.10.3-cp313-cp313t-musllinux_1_2_aarch64.whl", hash = "sha256:08b989a06eb9dfacf96d42b7fb4c9a22bafa370d245dc22fa839f2168c6f9fa1"},
    {file = "coverage-7.10.3-cp313-cp313t-musllinux_1_2_i686.whl", hash = "sha256:669fe0d4e69c575c52148511029b722ba8d26e8a3129840c2ce0522e1452b256"},
    {file = "coverage-7.10.3-cp313-cp313t-musllinux_1_2_x86_64.whl", hash = "sha256:3262d19092771c83f3413831d9904b1ccc5f98da5de4ffa4ad67f5b20c7aaf7b"},
    {file = "coverage-7.10.3-cp313-cp313t-win32.whl", hash = "sha256:cc0ee4b2ccd42cab7ee6be46d8a67d230cb33a0a7cd47a58b587a7063b6c6b0e"},
    {file = "coverage-7.10.3-cp313-cp313t-win_amd64.whl", hash = "sha256:03db599f213341e2960430984e04cf35fb179724e052a3ee627a068653cf4a7c"},
    {file = "coverage-7.10.3-cp313-cp313t-win_arm64.whl", hash = "sha256:46eae7893ba65f53c71284585a262f083ef71594f05ec5c85baf79c402369098"},
    {file = "coverage-7.10.3-cp314-cp314-macosx_10_13_x86_64.whl", hash = "sha256:bce8b8180912914032785850d8f3aacb25ec1810f5f54afc4a8b114e7a9b55de"},
    {file = "coverage-7.10.3-cp314-cp314-macosx_11_0_arm64.whl", hash = "sha256:07790b4b37d56608536f7c1079bd1aa511567ac2966d33d5cec9cf520c50a7c8"},
    {file = "coverage-7.10.3-cp314-cp314-manylinux1_i686.manylinux_2_28_i686.manylinux_2_5_i686.whl", hash = "sha256:e79367ef2cd9166acedcbf136a458dfe9a4a2dd4d1ee95738fb2ee581c56f667"},
    {file = "coverage-7.10.3-cp314-cp314-manylinux1_x86_64.manylinux_2_28_x86_64.manylinux_2_5_x86_64.whl", hash = "sha256:419d2a0f769f26cb1d05e9ccbc5eab4cb5d70231604d47150867c07822acbdf4"},
    {file = "coverage-7.10.3-cp314-cp314-manylinux2014_aarch64.manylinux_2_17_aarch64.manylinux_2_28_aarch64.whl", hash = "sha256:ee221cf244757cdc2ac882e3062ab414b8464ad9c884c21e878517ea64b3fa26"},
    {file = "coverage-7.10.3-cp314-cp314-musllinux_1_2_aarch64.whl", hash = "sha256:c2079d8cdd6f7373d628e14b3357f24d1db02c9dc22e6a007418ca7a2be0435a"},
    {file = "coverage-7.10.3-cp314-cp314-musllinux_1_2_i686.whl", hash = "sha256:bd8df1f83c0703fa3ca781b02d36f9ec67ad9cb725b18d486405924f5e4270bd"},
    {file = "coverage-7.10.3-cp314-cp314-musllinux_1_2_x86_64.whl", hash = "sha256:6b4e25e0fa335c8aa26e42a52053f3786a61cc7622b4d54ae2dad994aa754fec"},
    {file = "coverage-7.10.3-cp314-cp314-win32.whl", hash = "sha256:d7c3d02c2866deb217dce664c71787f4b25420ea3eaf87056f44fb364a3528f5"},
    {file = "coverage-7.10.3-cp314-cp314-win_amd64.whl", hash = "sha256:9c8916d44d9e0fe6cdb2227dc6b0edd8bc6c8ef13438bbbf69af7482d9bb9833"},
    {file = "coverage-7.10.3-cp314-cp314-win_arm64.whl", hash = "sha256:1007d6a2b3cf197c57105cc1ba390d9ff7f0bee215ced4dea530181e49c65ab4"},
    {file = "coverage-7.10.3-cp314-cp314t-macosx_10_13_x86_64.whl", hash = "sha256:ebc8791d346410d096818788877d675ca55c91db87d60e8f477bd41c6970ffc6"},
    {file = "coverage-7.10.3-cp314-cp314t-macosx_11_0_arm64.whl", hash = "sha256:1f4e4d8e75f6fd3c6940ebeed29e3d9d632e1f18f6fb65d33086d99d4d073241"},
    {file = "coverage-7.10.3-cp314-cp314t-manylinux1_i686.manylinux_2_28_i686.manylinux_2_5_i686.whl", hash = "sha256:24581ed69f132b6225a31b0228ae4885731cddc966f8a33fe5987288bdbbbd5e"},
    {file = "coverage-7.10.3-cp314-cp314t-manylinux1_x86_64.manylinux_2_28_x86_64.manylinux_2_5_x86_64.whl", hash = "sha256:ec151569ddfccbf71bac8c422dce15e176167385a00cd86e887f9a80035ce8a5"},
    {file = "coverage-7.10.3-cp314-cp314t-manylinux2014_aarch64.manylinux_2_17_aarch64.manylinux_2_28_aarch64.whl", hash = "sha256:2ae8e7c56290b908ee817200c0b65929b8050bc28530b131fe7c6dfee3e7d86b"},
    {file = "coverage-7.10.3-cp314-cp314t-musllinux_1_2_aarch64.whl", hash = "sha256:5fb742309766d7e48e9eb4dc34bc95a424707bc6140c0e7d9726e794f11b92a0"},
    {file = "coverage-7.10.3-cp314-cp314t-musllinux_1_2_i686.whl", hash = "sha256:c65e2a5b32fbe1e499f1036efa6eb9cb4ea2bf6f7168d0e7a5852f3024f471b1"},
    {file = "coverage-7.10.3-cp314-cp314t-musllinux_1_2_x86_64.whl", hash = "sha256:d48d2cb07d50f12f4f18d2bb75d9d19e3506c26d96fffabf56d22936e5ed8f7c"},
    {file = "coverage-7.10.3-cp314-cp314t-win32.whl", hash = "sha256:dec0d9bc15ee305e09fe2cd1911d3f0371262d3cfdae05d79515d8cb712b4869"},
    {file = "coverage-7.10.3-cp314-cp314t-win_amd64.whl", hash = "sha256:424ea93a323aa0f7f01174308ea78bde885c3089ec1bef7143a6d93c3e24ef64"},
    {file = "coverage-7.10.3-cp314-cp314t-win_arm64.whl", hash = "sha256:f5983c132a62d93d71c9ef896a0b9bf6e6828d8d2ea32611f58684fba60bba35"},
    {file = "coverage-7.10.3-cp39-cp39-macosx_10_9_x86_64.whl", hash = "sha256:da749daa7e141985487e1ff90a68315b0845930ed53dc397f4ae8f8bab25b551"},
    {file = "coverage-7.10.3-cp39-cp39-macosx_11_0_arm64.whl", hash = "sha256:f3126fb6a47d287f461d9b1aa5d1a8c97034d1dffb4f452f2cf211289dae74ef"},
    {file = "coverage-7.10.3-cp39-cp39-manylinux1_i686.manylinux_2_28_i686.manylinux_2_5_i686.whl", hash = "sha256:3da794db13cc27ca40e1ec8127945b97fab78ba548040047d54e7bfa6d442dca"},
    {file = "coverage-7.10.3-cp39-cp39-manylinux1_x86_64.manylinux_2_28_x86_64.manylinux_2_5_x86_64.whl", hash = "sha256:4e27bebbd184ef8d1c1e092b74a2b7109dcbe2618dce6e96b1776d53b14b3fe8"},
    {file = "coverage-7.10.3-cp39-cp39-manylinux2014_aarch64.manylinux_2_17_aarch64.manylinux_2_28_aarch64.whl", hash = "sha256:8fd4ee2580b9fefbd301b4f8f85b62ac90d1e848bea54f89a5748cf132782118"},
    {file = "coverage-7.10.3-cp39-cp39-musllinux_1_2_aarch64.whl", hash = "sha256:6999920bdd73259ce11cabfc1307484f071ecc6abdb2ca58d98facbcefc70f16"},
    {file = "coverage-7.10.3-cp39-cp39-musllinux_1_2_i686.whl", hash = "sha256:c3623f929db885fab100cb88220a5b193321ed37e03af719efdbaf5d10b6e227"},
    {file = "coverage-7.10.3-cp39-cp39-musllinux_1_2_x86_64.whl", hash = "sha256:25b902c5e15dea056485d782e420bb84621cc08ee75d5131ecb3dbef8bd1365f"},
    {file = "coverage-7.10.3-cp39-cp39-win32.whl", hash = "sha256:f930a4d92b004b643183451fe9c8fe398ccf866ed37d172ebaccfd443a097f61"},
    {file = "coverage-7.10.3-cp39-cp39-win_amd64.whl", hash = "sha256:08e638a93c8acba13c7842953f92a33d52d73e410329acd472280d2a21a6c0e1"},
    {file = "coverage-7.10.3-py3-none-any.whl", hash = "sha256:416a8d74dc0adfd33944ba2f405897bab87b7e9e84a391e09d241956bd953ce1"},
    {file = "coverage-7.10.3.tar.gz", hash = "sha256:812ba9250532e4a823b070b0420a36499859542335af3dca8f47fc6aa1a05619"},
]

[package.dependencies]
tomli = {version = "*", optional = true, markers = "python_full_version <= \"3.11.0a6\" and extra == \"toml\""}

[package.extras]
toml = ["tomli ; python_full_version <= \"3.11.0a6\""]

[[package]]
name = "docopt-ng"
version = "0.9.0"
description = "Jazzband-maintained fork of docopt, the humane command line arguments parser."
optional = false
python-versions = ">=3.7"
groups = ["main"]
files = [
    {file = "docopt_ng-0.9.0-py3-none-any.whl", hash = "sha256:bfe4c8b03f9fca424c24ee0b4ffa84bf7391cb18c29ce0f6a8227a3b01b81ff9"},
    {file = "docopt_ng-0.9.0.tar.gz", hash = "sha256:91c6da10b5bb6f2e9e25345829fb8278c78af019f6fc40887ad49b060483b1d7"},
]

[[package]]
name = "exceptiongroup"
version = "1.3.0"
description = "Backport of PEP 654 (exception groups)"
optional = false
python-versions = ">=3.7"
groups = ["main"]
markers = "python_version < \"3.11\""
files = [
    {file = "exceptiongroup-1.3.0-py3-none-any.whl", hash = "sha256:4d111e6e0c13d0644cad6ddaa7ed0261a0b36971f6d23e7ec9b4b9097da78a10"},
    {file = "exceptiongroup-1.3.0.tar.gz", hash = "sha256:b241f5885f560bc56a59ee63ca4c6a8bfa46ae4ad651af316d4e81817bb9fd88"},
]

[package.dependencies]
typing-extensions = {version = ">=4.6.0", markers = "python_version < \"3.13\""}

[package.extras]
test = ["pytest (>=6)"]

[[package]]
name = "h11"
version = "0.16.0"
description = "A pure-Python, bring-your-own-I/O implementation of HTTP/1.1"
optional = false
python-versions = ">=3.8"
groups = ["main"]
files = [
    {file = "h11-0.16.0-py3-none-any.whl", hash = "sha256:63cf8bbe7522de3bf65932fda1d9c2772064ffb3dae62d55932da54b31cb6c86"},
    {file = "h11-0.16.0.tar.gz", hash = "sha256:4e35b956cf45792e4caa5885e69fba00bdbc6ffafbfa020300e549b208ee5ff1"},
]

[[package]]
name = "httpcore"
version = "1.0.9"
description = "A minimal low-level HTTP client."
optional = false
python-versions = ">=3.8"
groups = ["main"]
files = [
    {file = "httpcore-1.0.9-py3-none-any.whl", hash = "sha256:2d400746a40668fc9dec9810239072b40b4484b640a8c38fd654a024c7a1bf55"},
    {file = "httpcore-1.0.9.tar.gz", hash = "sha256:6e34463af53fd2ab5d807f399a9b45ea31c3dfa2276f15a2c3f00afff6e176e8"},
]

[package.dependencies]
certifi = "*"
h11 = ">=0.16"

[package.extras]
asyncio = ["anyio (>=4.0,<5.0)"]
http2 = ["h2 (>=3,<5)"]
socks = ["socksio (==1.*)"]
trio = ["trio (>=0.22.0,<1.0)"]

[[package]]
name = "httpx"
version = "0.28.1"
description = "The next generation HTTP client."
optional = false
python-versions = ">=3.8"
groups = ["main"]
files = [
    {file = "httpx-0.28.1-py3-none-any.whl", hash = "sha256:d909fcccc110f8c7faf814ca82a9a4d816bc5a6dbfea25d6591d6985b8ba59ad"},
    {file = "httpx-0.28.1.tar.gz", hash = "sha256:75e98c5f16b0f35b567856f597f06ff2270a374470a5c2392242528e3e3e42fc"},
]

[package.dependencies]
anyio = "*"
certifi = "*"
httpcore = "==1.*"
idna = "*"

[package.extras]
brotli = ["brotli ; platform_python_implementation == \"CPython\"", "brotlicffi ; platform_python_implementation != \"CPython\""]
cli = ["click (==8.*)", "pygments (==2.*)", "rich (>=10,<14)"]
http2 = ["h2 (>=3,<5)"]
socks = ["socksio (==1.*)"]
zstd = ["zstandard (>=0.18.0)"]

[[package]]
name = "idna"
version = "3.10"
description = "Internationalized Domain Names in Applications (IDNA)"
optional = false
python-versions = ">=3.6"
groups = ["main"]
files = [
    {file = "idna-3.10-py3-none-any.whl", hash = "sha256:946d195a0d259cbba61165e88e65941f16e9b36ea6ddb97f00452bae8b1287d3"},
    {file = "idna-3.10.tar.gz", hash = "sha256:12f65c9b470abda6dc35cf8e63cc574b1c52b11df2c86030af0ac09b01b13ea9"},
]

[package.extras]
all = ["flake8 (>=7.1.1)", "mypy (>=1.11.2)", "pytest (>=8.3.2)", "ruff (>=0.6.2)"]

[[package]]
name = "pyyaml"
version = "6.0.2"
description = "YAML parser and emitter for Python"
optional = true
python-versions = ">=3.8"
groups = ["main"]
markers = "extra == \"yaml\""
files = [
    {file = "PyYAML-6.0.2-cp310-cp310-macosx_10_9_x86_64.whl", hash = "sha256:0a9a2848a5b7feac301353437eb7d5957887edbf81d56e903999a75a3d743086"},
    {file = "PyYAML-6.0.2-cp310-cp310-macosx_11_0_arm64.whl", hash = "sha256:29717114e51c84ddfba879543fb232a6ed60086602313ca38cce623c1d62cfbf"},
    {file = "PyYAML-6.0.2-cp310-cp310-manylinux_2_17_aarch64.manylinux2014_aarch64.whl", hash = "sha256:8824b5a04a04a047e72eea5cec3bc266db09e35de6bdfe34c9436ac5ee27d237"},
    {file = "PyYAML-6.0.2-cp310-cp310-manylinux_2_17_s390x.manylinux2014_s390x.whl", hash = "sha256:7c36280e6fb8385e520936c3cb3b8042851904eba0e58d277dca80a5cfed590b"},
    {file = "PyYAML-6.0.2-cp310-cp310-manylinux_2_17_x86_64.manylinux2014_x86_64.whl", hash = "sha256:ec031d5d2feb36d1d1a24380e4db6d43695f3748343d99434e6f5f9156aaa2ed"},
    {file = "PyYAML-6.0.2-cp310-cp310-musllinux_1_1_aarch64.whl", hash = "sha256:936d68689298c36b53b29f23c6dbb74de12b4ac12ca6cfe0e047bedceea56180"},
    {file = "PyYAML-6.0.2-cp310-cp310-musllinux_1_1_x86_64.whl", hash = "sha256:23502f431948090f597378482b4812b0caae32c22213aecf3b55325e049a6c68"},
    {file = "PyYAML-6.0.2-cp310-cp310-win32.whl", hash = "sha256:2e99c6826ffa974fe6e27cdb5ed0021786b03fc98e5ee3c5bfe1fd5015f42b99"},
    {file = "PyYAML-6.0.2-cp310-cp310-win_amd64.whl", hash = "sha256:a4d3091415f010369ae4ed1fc6b79def9416358877534caf6a0fdd2146c87a3e"},
    {file = "PyYAML-6.0.2-cp311-cp311-macosx_10_9_x86_64.whl", hash = "sha256:cc1c1159b3d456576af7a3e4d1ba7e6924cb39de8f67111c735f6fc832082774"},
    {file = "PyYAML-6.0.2-cp311-cp311-macosx_11_0_arm64.whl", hash = "sha256:1e2120ef853f59c7419231f3bf4e7021f1b936f6ebd222406c3b60212205d2ee"},
    {file = "PyYAML-6.0.2-cp311-cp311-manylinux_2_17_aarch64.manylinux2014_aarch64.whl", hash = "sha256:5d225db5a45f21e78dd9358e58a98702a0302f2659a3c6cd320564b75b86f47c"},
    {file = "PyYAML-6.0.2-cp311-cp311-manylinux_2_17_s390x.manylinux2014_s390x.whl", hash = "sha256:5ac9328ec4831237bec75defaf839f7d4564be1e6b25ac710bd1a96321cc8317"},
    {file = "PyYAML-6.0.2-cp311-cp311-manylinux_2_17_x86_64.manylinux2014_x86_64.whl", hash = "sha256:3ad2a3decf9aaba3d29c8f537ac4b243e36bef957511b4766cb0057d32b0be85"},
    {file = "PyYAML-6.0.2-cp311-cp311-musllinux_1_1_aarch64.whl", hash = "sha256:ff3824dc5261f50c9b0dfb3be22b4567a6f938ccce4587b38952d85fd9e9afe4"},
    {file = "PyYAML-6.0.2-cp311-cp311-musllinux_1_1_x86_64.whl", hash = "sha256:797b4f722ffa07cc8d62053e4cff1486fa6dc094105d13fea7b1de7d8bf71c9e"},
    {file = "PyYAML-6.0.2-cp311-cp311-win32.whl", hash = "sha256:11d8f3dd2b9c1207dcaf2ee0bbbfd5991f571186ec9cc78427ba5bd32afae4b5"},
    {file = "PyYAML-6.0.2-cp311-cp311-win_amd64.whl", hash = "sha256:e10ce637b18caea04431ce14fabcf5c64a1c61ec9c56b071a4b7ca131ca52d44"},
    {file = "PyYAML-6.0.2-cp312-cp312-macosx_10_9_x86_64.whl", hash = "sha256:c70c95198c015b85feafc136515252a261a84561b7b1d51e3384e0655ddf25ab"},
    {file = "PyYAML-6.0.2-cp312-cp312-macosx_11_0_arm64.whl", hash = "sha256:ce826d6ef20b1bc864f0a68340c8b3287705cae2f8b4b1d932177dcc76721725"},
    {file = "PyYAML-6.0.2-cp312-cp312-manylinux_2_17_aarch64.manylinux2014_aarch64.whl", hash = "sha256:1f71ea527786de97d1a0cc0eacd1defc0985dcf6b3f17bb77dcfc8c34bec4dc5"},
    {file = "PyYAML-6.0.2-cp312-cp312-manylinux_2_17_s390x.manylinux2014_s390x.whl", hash = "sha256:9b22676e8097e9e22e36d6b7bda33190d0d400f345f23d4065d48f4ca7ae0425"},
    {file = "PyYAML-6.0.2-cp312-cp312-manylinux_2_17_x86_64.manylinux2014_x86_64.whl", hash = "sha256:80bab7bfc629882493af4aa31a4cfa43a4c57c83813253626916b8c7ada83476"},
    {file = "PyYAML-6.0.2-cp312-cp312-musllinux_1_1_aarch64.whl", hash = "sha256:0833f8694549e586547b576dcfaba4a6b55b9e96098b36cdc7ebefe667dfed48"},
    {file = "PyYAML-6.0.2-cp312-cp312-musllinux_1_1_x86_64.whl", hash = "sha256:8b9c7197f7cb2738065c481a0461e50ad02f18c78cd75775628afb4d7137fb3b"},
    {file = "PyYAML-6.0.2-cp312-cp312-win32.whl", hash = "sha256:ef6107725bd54b262d6dedcc2af448a266975032bc85ef0172c5f059da6325b4"},
    {file = "PyYAML-6.0.2-cp312-cp312-win_amd64.whl", hash = "sha256:7e7401d0de89a9a855c839bc697c079a4af81cf878373abd7dc625847d25cbd8"},
    {file = "PyYAML-6.0.2-cp313-cp313-macosx_10_13_x86_64.whl", hash = "sha256:efdca5630322a10774e8e98e1af481aad470dd62c3170801852d752aa7a783ba"},
    {file = "PyYAML-6.0.2-cp313-cp313-macosx_11_0_arm64.whl", hash = "sha256:50187695423ffe49e2deacb8cd10510bc361faac997de9efef88badc3bb9e2d1"},
    {file = "PyYAML-6.0.2-cp313-cp313-manylinux_2_17_aarch64.manylinux2014_aarch64.whl", hash = "sha256:0ffe8360bab4910ef1b9e87fb812d8bc0a308b0d0eef8c8f44e0254ab3b07133"},
    {file = "PyYAML-6.0.2-cp313-cp313-manylinux_2_17_s390x.manylinux2014_s390x.whl", hash = "sha256:17e311b6c678207928d649faa7cb0d7b4c26a0ba73d41e99c4fff6b6c3276484"},
    {file = "PyYAML-6.0.2-cp313-cp313-manylinux_2_17_x86_64.manylinux2014_x86_64.whl", hash = "sha256:70b189594dbe54f75ab3a1acec5f1e3faa7e8cf2f1e08d9b561cb41b845f69d5"},
    {file = "PyYAML-6.0.2-cp313-cp313-musllinux_1_1_aarch64.whl", hash = "sha256:41e4e3953a79407c794916fa277a82531dd93aad34e29c2a514c2c0c5fe971cc"},
    {file = "PyYAML-6.0.2-cp313-cp313-musllinux_1_1_x86_64.whl", hash = "sha256:68ccc6023a3400877818152ad9a1033e3db8625d899c72eacb5a668902e4d652"},
    {file = "PyYAML-6.0.2-cp313-cp313-win32.whl", hash = "sha256:bc2fa7c6b47d6bc618dd7fb02ef6fdedb1090ec036abab80d4681424b84c1183"},
    {file = "PyYAML-6.0.2-cp313-cp313-win_amd64.whl", hash = "sha256:8388ee1976c416731879ac16da0aff3f63b286ffdd57cdeb95f3f2e085687563"},
    {file = "PyYAML-6.0.2-cp38-cp38-macosx_10_9_x86_64.whl", hash = "sha256:24471b829b3bf607e04e88d79542a9d48bb037c2267d7927a874e6c205ca7e9a"},
    {file = "PyYAML-6.0.2-cp38-cp38-manylinux_2_17_aarch64.manylinux2014_aarch64.whl", hash = "sha256:d7fded462629cfa4b685c5416b949ebad6cec74af5e2d42905d41e257e0869f5"},
    {file = "PyYAML-6.0.2-cp38-cp38-manylinux_2_17_s390x.manylinux2014_s390x.whl", hash = "sha256:d84a1718ee396f54f3a086ea0a66d8e552b2ab2017ef8b420e92edbc841c352d"},
    {file = "PyYAML-6.0.2-cp38-cp38-manylinux_2_17_x86_64.manylinux2014_x86_64.whl", hash = "sha256:9056c1ecd25795207ad294bcf39f2db3d845767be0ea6e6a34d856f006006083"},
    {file = "PyYAML-6.0.2-cp38-cp38-musllinux_1_1_x86_64.whl", hash = "sha256:82d09873e40955485746739bcb8b4586983670466c23382c19cffecbf1fd8706"},
    {file = "PyYAML-6.0.2-cp38-cp38-win32.whl", hash = "sha256:43fa96a3ca0d6b1812e01ced1044a003533c47f6ee8aca31724f78e93ccc089a"},
    {file = "PyYAML-6.0.2-cp38-cp38-win_amd64.whl", hash = "sha256:01179a4a8559ab5de078078f37e5c1a30d76bb88519906844fd7bdea1b7729ff"},
    {file = "PyYAML-6.0.2-cp39-cp39-macosx_10_9_x86_64.whl", hash = "sha256:688ba32a1cffef67fd2e9398a2efebaea461578b0923624778664cc1c914db5d"},
    {file = "PyYAML-6.0.2-cp39-cp39-macosx_11_0_arm64.whl", hash = "sha256:a8786accb172bd8afb8be14490a16625cbc387036876ab6ba70912730faf8e1f"},
    {file = "PyYAML-6.0.2-cp39-cp39-manylinux_2_17_aarch64.manylinux2014_aarch64.whl", hash = "sha256:d8e03406cac8513435335dbab54c0d385e4a49e4945d2909a581c83647ca0290"},
    {file = "PyYAML-6.0.2-cp39-cp39-manylinux_2_17_s390x.manylinux2014_s390x.whl", hash = "sha256:f753120cb8181e736c57ef7636e83f31b9c0d1722c516f7e86cf15b7aa57ff12"},
    {file = "PyYAML-6.0.2-cp39-cp39-manylinux_2_17_x86_64.manylinux2014_x86_64.whl", hash = "sha256:3b1fdb9dc17f5a7677423d508ab4f243a726dea51fa5e70992e59a7411c89d19"},
    {file = "PyYAML-6.0.2-cp39-cp39-musllinux_1_1_aarch64.whl", hash = "sha256:0b69e4ce7a131fe56b7e4d770c67429700908fc0752af059838b1cfb41960e4e"},
    {file = "PyYAML-6.0.2-cp39-cp39-musllinux_1_1_x86_64.whl", hash = "sha256:a9f8c2e67970f13b16084e04f134610fd1d374bf477b17ec1599185cf611d725"},
    {file = "PyYAML-6.0.2-cp39-cp39-win32.whl", hash = "sha256:6395c297d42274772abc367baaa79683958044e5d3835486c16da75d2a694631"},
    {file = "PyYAML-6.0.2-cp39-cp39-win_amd64.whl", hash = "sha256:39693e1f8320ae4f43943590b49779ffb98acb81f788220ea932a6b6c51004d8"},
    {file = "pyyaml-6.0.2.tar.gz", hash = "sha256:d584d9ec91ad65861cc08d42e834324ef890a082e591037abe114850ff7bbc3e"},
]

[[package]]
name = "sniffio"
version = "1.3.1"
description = "Sniff out which async library your code is running under"
optional = false
python-versions = ">=3.7"
groups = ["main"]
files = [
    {file = "sniffio-1.3.1-py3-none-any.whl", hash = "sha256:2f6da418d1f1e0fddd844478f41680e794e6051915791a034ff65e5f100525a2"},
    {file = "sniffio-1.3.1.tar.gz", hash = "sha256:f4324edc670a0f49750a81b895f35c3adb843cca46f0530f79fc1babb23789dc"},
]

[[package]]
name = "tomli"
version = "2.2.1"
description = "A lil' TOML parser"
optional = false
python-versions = ">=3.8"
groups = ["main"]
markers = "python_full_version <= \"3.11.0a6\""
files = [
    {file = "tomli-2.2.1-cp311-cp311-macosx_10_9_x86_64.whl", hash = "sha256:678e4fa69e4575eb77d103de3df8a895e1591b48e740211bd1067378c69e8249"},
    {file = "tomli-2.2.1-cp311-cp311-macosx_11_0_arm64.whl", hash = "sha256:023aa114dd824ade0100497eb2318602af309e5a55595f76b626d6d9f3b7b0a6"},
    {file = "tomli-2.2.1-cp311-cp311-manylinux_2_17_aarch64.manylinux2014_aarch64.whl", hash = "sha256:ece47d672db52ac607a3d9599a9d48dcb2f2f735c6c2d1f34130085bb12b112a"},
    {file = "tomli-2.2.1-cp311-cp311-manylinux_2_17_x86_64.manylinux2014_x86_64.whl", hash = "sha256:6972ca9c9cc9f0acaa56a8ca1ff51e7af152a9f87fb64623e31d5c83700080ee"},
    {file = "tomli-2.2.1-cp311-cp311-manylinux_2_5_i686.manylinux1_i686.manylinux_2_17_i686.manylinux2014_i686.whl", hash = "sha256:c954d2250168d28797dd4e3ac5cf812a406cd5a92674ee4c8f123c889786aa8e"},
    {file = "tomli-2.2.1-cp311-cp311-musllinux_1_2_aarch64.whl", hash = "sha256:8dd28b3e155b80f4d54beb40a441d366adcfe740969820caf156c019fb5c7ec4"},
    {file = "tomli-2.2.1-cp311-cp311-musllinux_1_2_i686.whl", hash = "sha256:e59e304978767a54663af13c07b3d1af22ddee3bb2fb0618ca1593e4f593a106"},
    {file = "tomli-2.2.1-cp311-cp311-musllinux_1_2_x86_64.whl", hash = "sha256:33580bccab0338d00994d7f16f4c4ec25b776af3ffaac1ed74e0b3fc95e885a8"},
    {file = "tomli-2.2.1-cp311-cp311-win32.whl", hash = "sha256:465af0e0875402f1d226519c9904f37254b3045fc5084697cefb9bdde1ff99ff"},
    {file = "tomli-2.2.1-cp311-cp311-win_amd64.whl", hash = "sha256:2d0f2fdd22b02c6d81637a3c95f8cd77f995846af7414c5c4b8d0545afa1bc4b"},
    {file = "tomli-2.2.1-cp312-cp312-macosx_10_13_x86_64.whl", hash = "sha256:4a8f6e44de52d5e6c657c9fe83b562f5f4256d8ebbfe4ff922c495620a7f6cea"},
    {file = "tomli-2.2.1-cp312-cp312-macosx_11_0_arm64.whl", hash = "sha256:8d57ca8095a641b8237d5b079147646153d22552f1c637fd3ba7f4b0b29167a8"},
    {file = "tomli-2.2.1-cp312-cp312-manylinux_2_17_aarch64.manylinux2014_aarch64.whl", hash = "sha256:4e340144ad7ae1533cb897d406382b4b6fede8890a03738ff1683af800d54192"},
    {file = "tomli-2.2.1-cp312-cp312-manylinux_2_17_x86_64.manylinux2014_x86_64.whl", hash = "sha256:db2b95f9de79181805df90bedc5a5ab4c165e6ec3fe99f970d0e302f384ad222"},
    {file = "tomli-2.2.1-cp312-cp312-manylinux_2_5_i686.manylinux1_i686.manylinux_2_17_i686.manylinux2014_i686.whl", hash = "sha256:40741994320b232529c802f8bc86da4e1aa9f413db394617b9a256ae0f9a7f77"},
    {file = "tomli-2.2.1-cp312-cp312-musllinux_1_2_aarch64.whl", hash = "sha256:400e720fe168c0f8521520190686ef8ef033fb19fc493da09779e592861b78c6"},
    {file = "tomli-2.2.1-cp312-cp312-musllinux_1_2_i686.whl", hash = "sha256:02abe224de6ae62c19f090f68da4e27b10af2b93213d36cf44e6e1c5abd19fdd"},
    {file = "tomli-2.2.1-cp312-cp312-musllinux_1_2_x86_64.whl", hash = "sha256:b82ebccc8c8a36f2094e969560a1b836758481f3dc360ce9a3277c65f374285e"},
    {file = "tomli-2.2.1-cp312-cp312-win32.whl", hash = "sha256:889f80ef92701b9dbb224e49ec87c645ce5df3fa2cc548664eb8a25e03127a98"},
    {file = "tomli-2.2.1-cp312-cp312-win_amd64.whl", hash = "sha256:7fc04e92e1d624a4a63c76474610238576942d6b8950a2d7f908a340494e67e4"},
    {file = "tomli-2.2.1-cp313-cp313-macosx_10_13_x86_64.whl", hash = "sha256:f4039b9cbc3048b2416cc57ab3bda989a6fcf9b36cf8937f01a6e731b64f80d7"},
    {file = "tomli-2.2.1-cp313-cp313-macosx_11_0_arm64.whl", hash = "sha256:286f0ca2ffeeb5b9bd4fcc8d6c330534323ec51b2f52da063b11c502da16f30c"},
    {file = "tomli-2.2.1-cp313-cp313-manylinux_2_17_aarch64.manylinux2014_aarch64.whl", hash = "sha256:a92ef1a44547e894e2a17d24e7557a5e85a9e1d0048b0b5e7541f76c5032cb13"},
    {file = "tomli-2.2.1-cp313-cp313-manylinux_2_17_x86_64.manylinux2014_x86_64.whl", hash = "sha256:9316dc65bed1684c9a98ee68759ceaed29d229e985297003e494aa825ebb0281"},
    {file = "tomli-2.2.1-cp313-cp313-manylinux_2_5_i686.manylinux1_i686.manylinux_2_17_i686.manylinux2014_i686.whl", hash = "sha256:e85e99945e688e32d5a35c1ff38ed0b3f41f43fad8df0bdf79f72b2ba7bc5272"},
    {file = "tomli-2.2.1-cp313-cp313-musllinux_1_2_aarch64.whl", hash = "sha256:ac065718db92ca818f8d6141b5f66369833d4a80a9d74435a268c52bdfa73140"},
    {file = "tomli-2.2.1-cp313-cp313-musllinux_1_2_i686.whl", hash = "sha256:d920f33822747519673ee656a4b6ac33e382eca9d331c87770faa3eef562aeb2"},
    {file = "tomli-2.2.1-cp313-cp313-musllinux_1_2_x86_64.whl", hash = "sha256:a198f10c4d1b1375d7687bc25294306e551bf1abfa4eace6650070a5c1ae2744"},
    {file = "tomli-2.2.1-cp313-cp313-win32.whl", hash = "sha256:d3f5614314d758649ab2ab3a62d4f2004c825922f9e370b29416484086b264ec"},
    {file = "tomli-2.2.1-cp313-cp313-win_amd64.whl", hash = "sha256:a38aa0308e754b0e3c67e344754dff64999ff9b513e691d0e786265c93583c69"},
    {file = "tomli-2.2.1-py3-none-any.whl", hash = "sha256:cb55c73c5f4408779d0cf3eef9f762b9c9f147a77de7b258bef0a5628adc85cc"},
    {file = "tomli-2.2.1.tar.gz", hash = "sha256:cd45e1dc79c835ce60f7404ec8119f2eb06d38b1deba146f07ced3bbc44505ff"},
]

[[package]]
name = "typing-extensions"
version = "4.14.1"
description = "Backported and Experimental Type Hints for Python 3.9+"
optional = false
python-versions = ">=3.9"
groups = ["main"]
markers = "python_version < \"3.13\""
files = [
    {file = "typing_extensions-4.14.1-py3-none-any.whl", hash = "sha256:d1e1e3b58374dc93031d6eda2420a48ea44a36c2b4766a4fdeb3710755731d76"},
    {file = "typing_extensions-4.14.1.tar.gz", hash = "sha256:38b39f4aeeab64884ce9f74c94263ef78f3c22467c8724005483154c26648d36"},
]

[extras]
yaml = ["pyyaml"]

[metadata]
lock-version = "2.1"
python-versions = ">=3.9"
content-hash = "39cef1d9fb73de8ac995efbef5f7cf0c6997dca49b7277dcf19f4c4d84de0cde"
